
Microsoft Visual Studio Solution File, Format Version 12.00
# Visual Studio 14
VisualStudioVersion = 14.0.23107.0
MinimumVisualStudioVersion = 10.0.40219.1
Project("{F2A71F9B-5D33-465A-A702-920D77279786}") = "introduction-my-first-app", "DEV207.1x-Programming-in-f-sharp\introduction-my-first-app.fsproj", "{4C46704B-EA3A-4D1D-9017-1EEBF043CE8A}"
EndProject
Project("{F2A71F9B-5D33-465A-A702-920D77279786}") = "introduction-module-1-task-2", "introduction-module-1-task-2\introduction-module-1-task-2.fsproj", "{A9AD3322-9849-4CDC-85D8-E160F1CD32FC}"
EndProject
Project("{F2A71F9B-5D33-465A-A702-920D77279786}") = "introduction-module-1-problem-1", "introduction-module-1-problem-1\introduction-module-1-problem-1.fsproj", "{6B8C2F0D-E0D2-4A43-AD29-96B37F5A285C}"
EndProject
Project("{F2A71F9B-5D33-465A-A702-920D77279786}") = "introduction-module-1-koan-1", "introduction-module-1-koan-1\introduction-module-1-koan-1.fsproj", "{91623866-4318-49CE-8F60-BB69285E482F}"
EndProject
Project("{F2A71F9B-5D33-465A-A702-920D77279786}") = "conditionals-module-2-if-then", "conditionals-if-then\conditionals-module-2-if-then.fsproj", "{D01D1409-C613-4FAD-96C9-1438ED4F1B58}"
EndProject
Project("{F2A71F9B-5D33-465A-A702-920D77279786}") = "conditionals-module-2-looping", "conditionals-looping\conditionals-module-2-looping.fsproj", "{91FEAC7C-3519-4D41-AA7C-5EBE359CDE94}"
EndProject
Project("{F2A71F9B-5D33-465A-A702-920D77279786}") = "conditionals-module-2-recursion", "conditionals-recursion\conditionals-module-2-recursion.fsproj", "{B7702026-3188-473B-8992-49D7E1EB3995}"
EndProject
Project("{F2A71F9B-5D33-465A-A702-920D77279786}") = "conditionals-module-2-task-1", "conditionals-module-2-task-1\conditionals-module-2-task-1.fsproj", "{7806B142-B6A2-4371-A8BC-D33BC6888838}"
EndProject
Project("{F2A71F9B-5D33-465A-A702-920D77279786}") = "conditionals-module-2-koan-2", "conditionals-module-2-koan-2\conditionals-module-2-koan-2.fsproj", "{84D11B46-C74A-41B9-8551-0D8526051947}"
EndProject
Project("{F2A71F9B-5D33-465A-A702-920D77279786}") = "conditionals-module-2-problem-2", "conditionals-module-2-problem-2\conditionals-module-2-problem-2.fsproj", "{22277E1C-FE41-4EA5-B9A0-BE013FA90830}"
EndProject
Project("{F2A71F9B-5D33-465A-A702-920D77279786}") = "dataAndTypes-module-3-listsSequencesArrays", "dataAndTypes-module-3-listsSequencesArrays\dataAndTypes-module-3-listsSequencesArrays.fsproj", "{325A02F4-1843-487D-8199-DC1340989CA3}"
EndProject
Project("{F2A71F9B-5D33-465A-A702-920D77279786}") = "dataAndTypes-module-3-tuplesAndRecords", "dataAndTypes-module-3-tuples\dataAndTypes-module-3-tuplesAndRecords.fsproj", "{BCF5FAE8-AF26-438F-8326-367C5442F8A2}"
EndProject
Project("{F2A71F9B-5D33-465A-A702-920D77279786}") = "dataAndTypes-module-3-task-1", "dataAndTypes-module-3-task-1\dataAndTypes-module-3-task-1.fsproj", "{F8A7D35B-2299-4F8C-9187-801DC1E86535}"
EndProject
Project("{F2A71F9B-5D33-465A-A702-920D77279786}") = "dataAndTypes-module-3-koan-3", "dataAndTypes-module-3-koan-3\dataAndTypes-module-3-koan-3.fsproj", "{63DFE44E-27C1-48C6-9D53-07CFFA168E48}"
EndProject
Project("{F2A71F9B-5D33-465A-A702-920D77279786}") = "dataAndTypes-module-3-problem-3", "dataAndTypes-module-3-problem-3\dataAndTypes-module-3-problem-3.fsproj", "{B828727C-2164-40A6-A33B-05F59947DEC3}"
EndProject
Global
	GlobalSection(SolutionConfigurationPlatforms) = preSolution
		Debug|Any CPU = Debug|Any CPU
		Release|Any CPU = Release|Any CPU
	EndGlobalSection
	GlobalSection(ProjectConfigurationPlatforms) = postSolution
		{4C46704B-EA3A-4D1D-9017-1EEBF043CE8A}.Debug|Any CPU.ActiveCfg = Debug|Any CPU
		{4C46704B-EA3A-4D1D-9017-1EEBF043CE8A}.Debug|Any CPU.Build.0 = Debug|Any CPU
		{4C46704B-EA3A-4D1D-9017-1EEBF043CE8A}.Release|Any CPU.ActiveCfg = Release|Any CPU
		{4C46704B-EA3A-4D1D-9017-1EEBF043CE8A}.Release|Any CPU.Build.0 = Release|Any CPU
		{A9AD3322-9849-4CDC-85D8-E160F1CD32FC}.Debug|Any CPU.ActiveCfg = Debug|Any CPU
		{A9AD3322-9849-4CDC-85D8-E160F1CD32FC}.Debug|Any CPU.Build.0 = Debug|Any CPU
		{A9AD3322-9849-4CDC-85D8-E160F1CD32FC}.Release|Any CPU.ActiveCfg = Release|Any CPU
		{A9AD3322-9849-4CDC-85D8-E160F1CD32FC}.Release|Any CPU.Build.0 = Release|Any CPU
		{6B8C2F0D-E0D2-4A43-AD29-96B37F5A285C}.Debug|Any CPU.ActiveCfg = Debug|Any CPU
		{6B8C2F0D-E0D2-4A43-AD29-96B37F5A285C}.Debug|Any CPU.Build.0 = Debug|Any CPU
		{6B8C2F0D-E0D2-4A43-AD29-96B37F5A285C}.Release|Any CPU.ActiveCfg = Release|Any CPU
		{6B8C2F0D-E0D2-4A43-AD29-96B37F5A285C}.Release|Any CPU.Build.0 = Release|Any CPU
		{91623866-4318-49CE-8F60-BB69285E482F}.Debug|Any CPU.ActiveCfg = Debug|Any CPU
		{91623866-4318-49CE-8F60-BB69285E482F}.Debug|Any CPU.Build.0 = Debug|Any CPU
		{91623866-4318-49CE-8F60-BB69285E482F}.Release|Any CPU.ActiveCfg = Release|Any CPU
		{91623866-4318-49CE-8F60-BB69285E482F}.Release|Any CPU.Build.0 = Release|Any CPU
		{D01D1409-C613-4FAD-96C9-1438ED4F1B58}.Debug|Any CPU.ActiveCfg = Debug|Any CPU
		{D01D1409-C613-4FAD-96C9-1438ED4F1B58}.Debug|Any CPU.Build.0 = Debug|Any CPU
		{D01D1409-C613-4FAD-96C9-1438ED4F1B58}.Release|Any CPU.ActiveCfg = Release|Any CPU
		{D01D1409-C613-4FAD-96C9-1438ED4F1B58}.Release|Any CPU.Build.0 = Release|Any CPU
		{91FEAC7C-3519-4D41-AA7C-5EBE359CDE94}.Debug|Any CPU.ActiveCfg = Debug|Any CPU
		{91FEAC7C-3519-4D41-AA7C-5EBE359CDE94}.Debug|Any CPU.Build.0 = Debug|Any CPU
		{91FEAC7C-3519-4D41-AA7C-5EBE359CDE94}.Release|Any CPU.ActiveCfg = Release|Any CPU
		{91FEAC7C-3519-4D41-AA7C-5EBE359CDE94}.Release|Any CPU.Build.0 = Release|Any CPU
		{B7702026-3188-473B-8992-49D7E1EB3995}.Debug|Any CPU.ActiveCfg = Debug|Any CPU
		{B7702026-3188-473B-8992-49D7E1EB3995}.Debug|Any CPU.Build.0 = Debug|Any CPU
		{B7702026-3188-473B-8992-49D7E1EB3995}.Release|Any CPU.ActiveCfg = Release|Any CPU
		{B7702026-3188-473B-8992-49D7E1EB3995}.Release|Any CPU.Build.0 = Release|Any CPU
		{7806B142-B6A2-4371-A8BC-D33BC6888838}.Debug|Any CPU.ActiveCfg = Debug|Any CPU
		{7806B142-B6A2-4371-A8BC-D33BC6888838}.Debug|Any CPU.Build.0 = Debug|Any CPU
		{7806B142-B6A2-4371-A8BC-D33BC6888838}.Release|Any CPU.ActiveCfg = Release|Any CPU
		{7806B142-B6A2-4371-A8BC-D33BC6888838}.Release|Any CPU.Build.0 = Release|Any CPU
		{84D11B46-C74A-41B9-8551-0D8526051947}.Debug|Any CPU.ActiveCfg = Debug|Any CPU
		{84D11B46-C74A-41B9-8551-0D8526051947}.Debug|Any CPU.Build.0 = Debug|Any CPU
		{84D11B46-C74A-41B9-8551-0D8526051947}.Release|Any CPU.ActiveCfg = Release|Any CPU
		{84D11B46-C74A-41B9-8551-0D8526051947}.Release|Any CPU.Build.0 = Release|Any CPU
		{22277E1C-FE41-4EA5-B9A0-BE013FA90830}.Debug|Any CPU.ActiveCfg = Debug|Any CPU
		{22277E1C-FE41-4EA5-B9A0-BE013FA90830}.Debug|Any CPU.Build.0 = Debug|Any CPU
		{22277E1C-FE41-4EA5-B9A0-BE013FA90830}.Release|Any CPU.ActiveCfg = Release|Any CPU
		{22277E1C-FE41-4EA5-B9A0-BE013FA90830}.Release|Any CPU.Build.0 = Release|Any CPU
		{325A02F4-1843-487D-8199-DC1340989CA3}.Debug|Any CPU.ActiveCfg = Debug|Any CPU
		{325A02F4-1843-487D-8199-DC1340989CA3}.Debug|Any CPU.Build.0 = Debug|Any CPU
		{325A02F4-1843-487D-8199-DC1340989CA3}.Release|Any CPU.ActiveCfg = Release|Any CPU
		{325A02F4-1843-487D-8199-DC1340989CA3}.Release|Any CPU.Build.0 = Release|Any CPU
		{BCF5FAE8-AF26-438F-8326-367C5442F8A2}.Debug|Any CPU.ActiveCfg = Debug|Any CPU
		{BCF5FAE8-AF26-438F-8326-367C5442F8A2}.Debug|Any CPU.Build.0 = Debug|Any CPU
		{BCF5FAE8-AF26-438F-8326-367C5442F8A2}.Release|Any CPU.ActiveCfg = Release|Any CPU
		{BCF5FAE8-AF26-438F-8326-367C5442F8A2}.Release|Any CPU.Build.0 = Release|Any CPU
		{F8A7D35B-2299-4F8C-9187-801DC1E86535}.Debug|Any CPU.ActiveCfg = Debug|Any CPU
		{F8A7D35B-2299-4F8C-9187-801DC1E86535}.Debug|Any CPU.Build.0 = Debug|Any CPU
		{F8A7D35B-2299-4F8C-9187-801DC1E86535}.Release|Any CPU.ActiveCfg = Release|Any CPU
		{F8A7D35B-2299-4F8C-9187-801DC1E86535}.Release|Any CPU.Build.0 = Release|Any CPU
		{63DFE44E-27C1-48C6-9D53-07CFFA168E48}.Debug|Any CPU.ActiveCfg = Debug|Any CPU
		{63DFE44E-27C1-48C6-9D53-07CFFA168E48}.Debug|Any CPU.Build.0 = Debug|Any CPU
		{63DFE44E-27C1-48C6-9D53-07CFFA168E48}.Release|Any CPU.ActiveCfg = Release|Any CPU
		{63DFE44E-27C1-48C6-9D53-07CFFA168E48}.Release|Any CPU.Build.0 = Release|Any CPU
		{B828727C-2164-40A6-A33B-05F59947DEC3}.Debug|Any CPU.ActiveCfg = Debug|Any CPU
		{B828727C-2164-40A6-A33B-05F59947DEC3}.Debug|Any CPU.Build.0 = Debug|Any CPU
		{B828727C-2164-40A6-A33B-05F59947DEC3}.Release|Any CPU.ActiveCfg = Release|Any CPU
		{B828727C-2164-40A6-A33B-05F59947DEC3}.Release|Any CPU.Build.0 = Release|Any CPU
	EndGlobalSection
	GlobalSection(SolutionProperties) = preSolution
		HideSolutionNode = FALSE
	EndGlobalSection
EndGlobal
